<Solution>
  <Project Path="BankingSystem.API/BankingSystem.API.csproj" Id="8f392776-5493-485f-a291-2ef711f6e746" />
  <Project Path="BankingSystem.Business/BankingSystem.Business.csproj" />
  <Project Path="BankingSystem.Core/BankingSystem.Core.csproj" />
  <Project Path="BankingSystem.Data/BankingSystem.Data.csproj" />
</Solution>
